# @generated - this file is auto-generated by `mise lock` https://mise.jdx.dev/dev-tools/mise-lock.html

[[tools."aqua:docker/buildx"]]
version = "0.37.0"
backend = "aqua:docker/buildx"

[tools."aqua:docker/buildx"."platforms.linux-arm64"]
checksum = "sha256:d263ce31bd2c9e9210aaa2c7537c67802bccabcd342e4c9fe4907085ddb41aa5"
url = "https://github.com/docker/buildx/releases/download/v0.37.0/buildx-v0.37.0.linux-arm64"
url_api = "https://api.github.com/repos/docker/buildx/releases/assets/541508124"
provenance = "cosign"

[tools."aqua:docker/buildx"."platforms.linux-arm64-musl"]
checksum = "sha256:d263ce31bd2c9e9210aaa2c7537c67802bccabcd342e4c9fe4907085ddb41aa5"
url = "https://github.com/docker/buildx/releases/download/v0.37.0/buildx-v0.37.0.linux-arm64"
url_api = "https://api.github.com/repos/docker/buildx/releases/assets/541508124"
provenance = "cosign"

[tools."aqua:docker/buildx"."platforms.linux-x64"]
checksum = "sha256:ae43fa08c796b44efc86d7a63c55f73f7c35f3101188dea7bf93bcd6f99577ba"
url = "https://github.com/docker/buildx/releases/download/v0.37.0/buildx-v0.37.0.linux-amd64"
url_api = "https://api.github.com/repos/docker/buildx/releases/assets/541508131"
provenance = "cosign"

[tools."aqua:docker/buildx"."platforms.linux-x64-musl"]
checksum = "sha256:ae43fa08c796b44efc86d7a63c55f73f7c35f3101188dea7bf93bcd6f99577ba"
url = "https://github.com/docker/buildx/releases/download/v0.37.0/buildx-v0.37.0.linux-amd64"
url_api = "https://api.github.com/repos/docker/buildx/releases/assets/541508131"
provenance = "cosign"

[tools."aqua:docker/buildx"."platforms.macos-arm64"]
checksum = "sha256:4cf78bb790f96f576522af0db716c7c25e8937a71c3303a165ff90d5105170ff"
url = "https://github.com/docker/buildx/releases/download/v0.37.0/buildx-v0.37.0.darwin-arm64"
url_api = "https://api.github.com/repos/docker/buildx/releases/assets/541517587"

[tools."aqua:docker/buildx"."platforms.macos-x64"]
checksum = "sha256:9d5a359608ffddbc9049eb0a8128db798a1fcc30cbfb2e451cb49ab99cbe0635"
url = "https://github.com/docker/buildx/releases/download/v0.37.0/buildx-v0.37.0.darwin-amd64"
url_api = "https://api.github.com/repos/docker/buildx/releases/assets/541517585"

[tools."aqua:docker/buildx"."platforms.windows-x64"]
checksum = "sha256:f49fa81c676e178ebac4679cc33c6560f14a56b586f33c9e298a917313cd909b"
url = "https://github.com/docker/buildx/releases/download/v0.37.0/buildx-v0.37.0.windows-amd64.exe"
url_api = "https://api.github.com/repos/docker/buildx/releases/assets/541517590"
provenance = "cosign"

[[tools."aqua:pnpm/pnpm"]]
version = "11.25.0"
backend = "aqua:pnpm/pnpm"

[tools."aqua:pnpm/pnpm"."platforms.linux-arm64"]
checksum = "sha256:6d62b433b7a77b77e814dfaca8032bae57bb79c1a5ad50442e688c4f7fed3c8a"
url = "https://github.com/pnpm/pnpm/releases/download/v11.25.0/pnpm-linux-arm64.tar.gz"
url_api = "https://api.github.com/repos/pnpm/pnpm/releases/assets/535298943"
provenance = "github-attestations"

[tools."aqua:pnpm/pnpm"."platforms.linux-arm64-musl"]
checksum = "sha256:d826eaa243bb7b9c7bc21df3fae9ade147c3f0b6f035fa9fa92eef5196d1762e"
url = "https://github.com/pnpm/pnpm/releases/download/v11.25.0/pnpm-linux-arm64-musl.tar.gz"
url_api = "https://api.github.com/repos/pnpm/pnpm/releases/assets/535298947"
provenance = "github-attestations"

[tools."aqua:pnpm/pnpm"."platforms.linux-x64"]
checksum = "sha256:11caeed8b581d460638f836f10f6ead19cbf08d774a5b8e502628b20ebf3ac43"
url = "https://github.com/pnpm/pnpm/releases/download/v11.25.0/pnpm-linux-x64.tar.gz"
url_api = "https://api.github.com/repos/pnpm/pnpm/releases/assets/535298945"
provenance = "github-attestations"

[tools."aqua:pnpm/pnpm"."platforms.linux-x64-musl"]
checksum = "sha256:2a25fd5614c89d3e8e7c8cabfe9f5f2aba3c4f997fb69e6934ee257dd8753ca5"
url = "https://github.com/pnpm/pnpm/releases/download/v11.25.0/pnpm-linux-x64-musl.tar.gz"
url_api = "https://api.github.com/repos/pnpm/pnpm/releases/assets/535298949"
provenance = "github-attestations"

[tools."aqua:pnpm/pnpm"."platforms.macos-arm64"]
checksum = "sha256:cdcf7130ed2e7aa324c7c76ab597de66db0529b6b1e0db9e489bde538fdc0d04"
url = "https://github.com/pnpm/pnpm/releases/download/v11.25.0/pnpm-darwin-arm64.tar.gz"
url_api = "https://api.github.com/repos/pnpm/pnpm/releases/assets/535298948"
provenance = "github-attestations"

[tools."aqua:pnpm/pnpm"."platforms.windows-x64"]
checksum = "sha256:2d0203af85fc6fbb40f786a2671f175e9119a7c6dfcc4f30b1fa17e0f072c301"
url = "https://github.com/pnpm/pnpm/releases/download/v11.25.0/pnpm-win32-x64.zip"
url_api = "https://api.github.com/repos/pnpm/pnpm/releases/assets/535298950"
provenance = "github-attestations"

[[tools."http:pnpm-npm"]]
version = "11.25.0"
backend = "http:pnpm-npm"

[tools."http:pnpm-npm".options]
format = "tar.gz"
strip_components = "1"

[tools."http:pnpm-npm"."platforms.linux-arm64"]
checksum = "sha512:5cde925b4f075f725eb71fbae18a42ffe784524789f19b61c731cb8721ec28aaee160e01a8d5af4fedb2a42cdbf300efe23db356b0d4a17b4d63e11f8ab7c956"
url = "https://packagefeedproxy.microsoft.io/npm/pnpm/-/pnpm-11.25.0.tgz"

[tools."http:pnpm-npm"."platforms.linux-arm64-musl"]
checksum = "sha512:5cde925b4f075f725eb71fbae18a42ffe784524789f19b61c731cb8721ec28aaee160e01a8d5af4fedb2a42cdbf300efe23db356b0d4a17b4d63e11f8ab7c956"
url = "https://packagefeedproxy.microsoft.io/npm/pnpm/-/pnpm-11.25.0.tgz"

[tools."http:pnpm-npm"."platforms.linux-x64"]
checksum = "sha512:5cde925b4f075f725eb71fbae18a42ffe784524789f19b61c731cb8721ec28aaee160e01a8d5af4fedb2a42cdbf300efe23db356b0d4a17b4d63e11f8ab7c956"
url = "https://packagefeedproxy.microsoft.io/npm/pnpm/-/pnpm-11.25.0.tgz"

[tools."http:pnpm-npm"."platforms.linux-x64-musl"]
checksum = "sha512:5cde925b4f075f725eb71fbae18a42ffe784524789f19b61c731cb8721ec28aaee160e01a8d5af4fedb2a42cdbf300efe23db356b0d4a17b4d63e11f8ab7c956"
url = "https://packagefeedproxy.microsoft.io/npm/pnpm/-/pnpm-11.25.0.tgz"

[tools."http:pnpm-npm"."platforms.macos-arm64"]
checksum = "sha512:5cde925b4f075f725eb71fbae18a42ffe784524789f19b61c731cb8721ec28aaee160e01a8d5af4fedb2a42cdbf300efe23db356b0d4a17b4d63e11f8ab7c956"
url = "https://packagefeedproxy.microsoft.io/npm/pnpm/-/pnpm-11.25.0.tgz"

[tools."http:pnpm-npm"."platforms.macos-x64"]
checksum = "sha512:5cde925b4f075f725eb71fbae18a42ffe784524789f19b61c731cb8721ec28aaee160e01a8d5af4fedb2a42cdbf300efe23db356b0d4a17b4d63e11f8ab7c956"
url = "https://packagefeedproxy.microsoft.io/npm/pnpm/-/pnpm-11.25.0.tgz"

[tools."http:pnpm-npm"."platforms.windows-x64"]
checksum = "sha512:5cde925b4f075f725eb71fbae18a42ffe784524789f19b61c731cb8721ec28aaee160e01a8d5af4fedb2a42cdbf300efe23db356b0d4a17b4d63e11f8ab7c956"
url = "https://packagefeedproxy.microsoft.io/npm/pnpm/-/pnpm-11.25.0.tgz"

[[tools.node]]
version = "22.23.2"
backend = "core:node"

[tools.node."platforms.linux-arm64"]
checksum = "sha256:013b59cfd2819703a6f4a14ab891fc46fc2a4e3f5bcd92de3fb4929b43e35b30"
url = "https://nodejs.org/dist/v22.23.2/node-v22.23.2-linux-arm64.tar.gz"

[tools.node."platforms.linux-arm64-musl"]
checksum = "sha256:b7a1a2b1c7c76e47550f17764676939840e0a64b4d04bdd375a4ac14bccaa8d8"
url = "https://unofficial-builds.nodejs.org/download/release/v22.23.2/node-v22.23.2-linux-arm64-musl.tar.gz"

[tools.node."platforms.linux-x64"]
checksum = "sha256:b294a556e639d64338823920e5866c21c02741742d2e1529ee1a225c1ec9252a"
url = "https://nodejs.org/dist/v22.23.2/node-v22.23.2-linux-x64.tar.gz"

[tools.node."platforms.linux-x64-musl"]
checksum = "sha256:396e11ee609eb2e5cb990f045c4d037aa47b2c247f3cecb01c5c162e33ffa9af"
url = "https://unofficial-builds.nodejs.org/download/release/v22.23.2/node-v22.23.2-linux-x64-musl.tar.gz"

[tools.node."platforms.macos-arm64"]
checksum = "sha256:61130f394c1630d211dd50aecc4353d379480f36d3ac913cd85dbba1aed585c6"
url = "https://nodejs.org/dist/v22.23.2/node-v22.23.2-darwin-arm64.tar.gz"

[tools.node."platforms.macos-x64"]
checksum = "sha256:58e99022c2ff89395576cc7fd4d98cea24bb68081475d5f88b801ee8729fb026"
url = "https://nodejs.org/dist/v22.23.2/node-v22.23.2-darwin-x64.tar.gz"

[tools.node."platforms.windows-x64"]
checksum = "sha256:1177b4137ba5adaa56354ae40f1080c7450e8ae09cecb47da459d1c52ac99f97"
url = "https://nodejs.org/dist/v22.23.2/node-v22.23.2-win-x64.zip"
